
Microsoft Visual Studio Solution File, Format Version 12.00
# Visual Studio 2012
# SharpDevelop 5.1
VisualStudioVersion = 12.0.20827.3
MinimumVisualStudioVersion = 10.0.40219.1
Project("{FAE04EC0-301F-11D3-BF4B-00C04F79EFBC}") = "KeywordMacroscope", "KeywordMacroscope\KeywordMacroscope.csproj", "{DBACE8A4-9039-4367-8D24-7265B669B993}"
EndProject
Global
	GlobalSection(SolutionConfigurationPlatforms) = preSolution
		Debug|Any CPU = Debug|Any CPU
		Debug|64-bit = Debug|64-bit
		Release|Any CPU = Release|Any CPU
		Release|64-bit = Release|64-bit
	EndGlobalSection
	GlobalSection(ProjectConfigurationPlatforms) = postSolution
		{DBACE8A4-9039-4367-8D24-7265B669B993}.Debug|Any CPU.ActiveCfg = Release|Any CPU
		{DBACE8A4-9039-4367-8D24-7265B669B993}.Debug|Any CPU.Build.0 = Release|Any CPU
		{DBACE8A4-9039-4367-8D24-7265B669B993}.Debug|64-bit.ActiveCfg = Debug|64-bit
		{DBACE8A4-9039-4367-8D24-7265B669B993}.Debug|64-bit.Build.0 = Debug|64-bit
		{DBACE8A4-9039-4367-8D24-7265B669B993}.Release|Any CPU.ActiveCfg = Release|Any CPU
		{DBACE8A4-9039-4367-8D24-7265B669B993}.Release|Any CPU.Build.0 = Release|Any CPU
		{DBACE8A4-9039-4367-8D24-7265B669B993}.Release|64-bit.ActiveCfg = Release|64-bit
		{DBACE8A4-9039-4367-8D24-7265B669B993}.Release|64-bit.Build.0 = Release|64-bit
	EndGlobalSection
EndGlobal
